<?xml version="1.0" encoding="utf-8"?>
<Project ToolsVersion="4.0" xmlns="http://schemas.microsoft.com/developer/msbuild/2003">
  <ItemGroup>
    <Filter Include="Source Files">
      <UniqueIdentifier>{4FC737F1-C7A5-4376-A066-2A32D752A2FF}</UniqueIdentifier>
      <Extensions>cpp;c;cc;cxx;def;odl;idl;hpj;bat;asm;asmx</Extensions>
    </Filter>
    <Filter Include="Header Files">
      <UniqueIdentifier>{93995380-89BD-4b04-88EB-625FBE52EBFB}</UniqueIdentifier>
      <Extensions>h;hh;hpp;hxx;hm;inl;inc;xsd</Extensions>
    </Filter>
    <Filter Include="Resource Files">
      <UniqueIdentifier>{67DA6AB6-F800-4c08-8B7A-83BB121AAD01}</UniqueIdentifier>
      <Extensions>rc;ico;cur;bmp;dlg;rc2;rct;bin;rgs;gif;jpg;jpeg;jpe;resx;tiff;tif;png;wav;mfcribbon-ms</Extensions>
    </Filter>
    <Filter Include="Source Files\examples">
      <UniqueIdentifier>{28047add-a619-4024-a8be-c25fb26a4ff7}</UniqueIdentifier>
    </Filter>
    <Filter Include="Source Files\examples\tcp_echo">
      <UniqueIdentifier>{a8c3e022-3778-40b3-a301-aec843700a51}</UniqueIdentifier>
    </Filter>
    <Filter Include="Source Files\examples\udp_echo">
      <UniqueIdentifier>{8b76c837-0e83-4cf7-8118-1493b0fa580a}</UniqueIdentifier>
    </Filter>
    <Filter Include="Source Files\examples\netcat">
      <UniqueIdentifier>{52e1d923-a3d2-4c96-bea5-aa1121d4c56d}</UniqueIdentifier>
    </Filter>
  </ItemGroup>
  <ItemGroup>
    <Text Include="ReadMe.txt" />
  </ItemGroup>
  <ItemGroup>
    <ClInclude Include="stdafx.h">
      <Filter>Header Files</Filter>
    </ClInclude>
    <ClInclude Include="targetver.h">
      <Filter>Header Files</Filter>
    </ClInclude>
    <ClInclude Include="examples\udp_echo_server\TM4C129\ccs\Mongoose_TM4C129_BM\lwipopts.h">
      <Filter>Source Files\examples</Filter>
    </ClInclude>
    <ClInclude Include="examples\WinCE\http_server\stdafx.h">
      <Filter>Source Files</Filter>
    </ClInclude>
  </ItemGroup>
  <ItemGroup>
    <ClCompile Include="stdafx.cpp">
      <Filter>Source Files</Filter>
    </ClCompile>
    <ClCompile Include="mongoosetestserver.cpp">
      <Filter>Source Files</Filter>
    </ClCompile>
    <ClCompile Include="mongoose.c">
      <Filter>Source Files</Filter>
    </ClCompile>
    <ClCompile Include="examples\sntp_client\sntp_client.c">
      <Filter>Source Files\examples</Filter>
    </ClCompile>
    <ClCompile Include="examples\restful_client\restful_client.c">
      <Filter>Source Files\examples</Filter>
    </ClCompile>
    <ClCompile Include="examples\restful_server\restful_server.c">
      <Filter>Source Files\examples</Filter>
    </ClCompile>
    <ClCompile Include="examples\reverse_proxy\reverse_proxy.c">
      <Filter>Source Files\examples</Filter>
    </ClCompile>
    <ClCompile Include="examples\settings_panel_for_a_device\settings_panel.c">
      <Filter>Source Files\examples</Filter>
    </ClCompile>
    <ClCompile Include="examples\simple_crawler\simple_crawler.c">
      <Filter>Source Files\examples</Filter>
    </ClCompile>
    <ClCompile Include="examples\simplest_web_server\simplest_web_server.c">
      <Filter>Source Files\examples</Filter>
    </ClCompile>
    <ClCompile Include="examples\simplest_web_server_ssl\simplest_web_server_ssl.c">
      <Filter>Source Files\examples</Filter>
    </ClCompile>
    <ClCompile Include="examples\timers\timers.c">
      <Filter>Source Files\examples</Filter>
    </ClCompile>
    <ClCompile Include="examples\udp_echo_server\TM4C129\ccs\Mongoose_TM4C129_BM\main.c">
      <Filter>Source Files\examples</Filter>
    </ClCompile>
    <ClCompile Include="examples\udp_echo_server\TM4C129\ccs\Mongoose_TM4C129_BM\startup_ccs.c">
      <Filter>Source Files\examples</Filter>
    </ClCompile>
    <ClCompile Include="examples\websocket_chat_client\websocket_chat_client.c">
      <Filter>Source Files\examples</Filter>
    </ClCompile>
    <ClCompile Include="examples\WinCE\http_server\http_server.cpp">
      <Filter>Source Files\examples</Filter>
    </ClCompile>
    <ClCompile Include="examples\WinCE\http_server\stdafx.cpp">
      <Filter>Source Files\examples</Filter>
    </ClCompile>
    <ClCompile Include="examples\udp_echo_server\echo_server.c">
      <Filter>Source Files\examples\udp_echo</Filter>
    </ClCompile>
    <ClCompile Include="examples\tcp_echo_server\echo_server.c">
      <Filter>Source Files\examples\tcp_echo</Filter>
    </ClCompile>
    <ClCompile Include="examples\websocket_chat\websocket_chat.c">
      <Filter>Source Files\examples</Filter>
    </ClCompile>
    <ClCompile Include="examples\restful_server_s3\restful_server_s3.c">
      <Filter>Source Files\examples</Filter>
    </ClCompile>
    <ClCompile Include="examples\netcat\nc.c">
      <Filter>Source Files\examples\netcat</Filter>
    </ClCompile>
  </ItemGroup>
  <ItemGroup>
    <None Include="examples\restful_server\index.html">
      <Filter>Source Files\examples</Filter>
    </None>
    <None Include="examples\restful_server_s3\index.html">
      <Filter>Source Files</Filter>
    </None>
    <None Include="examples\reverse_proxy\frontend\hello.html">
      <Filter>Source Files\examples</Filter>
    </None>
    <None Include="examples\websocket_chat\index.html">
      <Filter>Source Files</Filter>
    </None>
  </ItemGroup>
</Project>